
Microsoft Visual Studio Solution File, Format Version 12.00
# Visual Studio Version 16
VisualStudioVersion = 16.0.31729.503
MinimumVisualStudioVersion = 10.0.40219.1
Project("{9A19103F-16F7-4668-BE54-9A1E7A4F7556}") = "gayme", "gayme\gayme.csproj", "{EA0D6E4E-D901-4C54-AB1F-DBBD6D970FD9}"
EndProject
Global
	GlobalSection(SolutionConfigurationPlatforms) = preSolution
		Debug|Any CPU = Debug|Any CPU
		Debug|x64 = Debug|x64
		Release|Any CPU = Release|Any CPU
		Release|x64 = Release|x64
	EndGlobalSection
	GlobalSection(ProjectConfigurationPlatforms) = postSolution
		{EA0D6E4E-D901-4C54-AB1F-DBBD6D970FD9}.Debug|Any CPU.ActiveCfg = Debug|Any CPU
		{EA0D6E4E-D901-4C54-AB1F-DBBD6D970FD9}.Debug|Any CPU.Build.0 = Debug|Any CPU
		{EA0D6E4E-D901-4C54-AB1F-DBBD6D970FD9}.Debug|x64.ActiveCfg = Debug|x64
		{EA0D6E4E-D901-4C54-AB1F-DBBD6D970FD9}.Debug|x64.Build.0 = Debug|x64
		{EA0D6E4E-D901-4C54-AB1F-DBBD6D970FD9}.Release|Any CPU.ActiveCfg = Release|Any CPU
		{EA0D6E4E-D901-4C54-AB1F-DBBD6D970FD9}.Release|Any CPU.Build.0 = Release|Any CPU
		{EA0D6E4E-D901-4C54-AB1F-DBBD6D970FD9}.Release|x64.ActiveCfg = Release|x64
		{EA0D6E4E-D901-4C54-AB1F-DBBD6D970FD9}.Release|x64.Build.0 = Release|x64
	EndGlobalSection
	GlobalSection(SolutionProperties) = preSolution
		HideSolutionNode = FALSE
	EndGlobalSection
	GlobalSection(ExtensibilityGlobals) = postSolution
		SolutionGuid = {C46CC72E-BEA9-4A38-A084-36D9F1F8D656}
	EndGlobalSection
EndGlobal
